
Microsoft Visual Studio Solution File, Format Version 12.00
# Visual Studio Version 16
VisualStudioVersion = 16.0.32228.343
MinimumVisualStudioVersion = 10.0.40219.1
Project("{FAE04EC0-301F-11D3-BF4B-00C04F79EFBC}") = "ConsoleApp.Services", "ConsoleApp.Services\ConsoleApp.Services.csproj", "{8CBAF1AA-3CBA-4C9D-8306-CDA747FEE428}"
EndProject
Project("{FAE04EC0-301F-11D3-BF4B-00C04F79EFBC}") = "ConsoleApp.BO", "ConsoleApp.BO\ConsoleApp.BO.csproj", "{EDFE040F-0056-414C-B0F2-6CEDD2F9EB9E}"
EndProject
Global
	GlobalSection(SolutionConfigurationPlatforms) = preSolution
		Debug|Any CPU = Debug|Any CPU
		Release|Any CPU = Release|Any CPU
	EndGlobalSection
	GlobalSection(ProjectConfigurationPlatforms) = postSolution
		{8CBAF1AA-3CBA-4C9D-8306-CDA747FEE428}.Debug|Any CPU.ActiveCfg = Debug|Any CPU
		{8CBAF1AA-3CBA-4C9D-8306-CDA747FEE428}.Debug|Any CPU.Build.0 = Debug|Any CPU
		{8CBAF1AA-3CBA-4C9D-8306-CDA747FEE428}.Release|Any CPU.ActiveCfg = Release|Any CPU
		{8CBAF1AA-3CBA-4C9D-8306-CDA747FEE428}.Release|Any CPU.Build.0 = Release|Any CPU
		{EDFE040F-0056-414C-B0F2-6CEDD2F9EB9E}.Debug|Any CPU.ActiveCfg = Debug|Any CPU
		{EDFE040F-0056-414C-B0F2-6CEDD2F9EB9E}.Debug|Any CPU.Build.0 = Debug|Any CPU
		{EDFE040F-0056-414C-B0F2-6CEDD2F9EB9E}.Release|Any CPU.ActiveCfg = Release|Any CPU
		{EDFE040F-0056-414C-B0F2-6CEDD2F9EB9E}.Release|Any CPU.Build.0 = Release|Any CPU
	EndGlobalSection
	GlobalSection(SolutionProperties) = preSolution
		HideSolutionNode = FALSE
	EndGlobalSection
	GlobalSection(ExtensibilityGlobals) = postSolution
		SolutionGuid = {3B425B1D-88AE-44E0-80EA-28E7000B7EF4}
	EndGlobalSection
EndGlobal
